
Microsoft Visual Studio Solution File, Format Version 12.00
# Visual Studio Version 16
VisualStudioVersion = 16.0.30104.148
MinimumVisualStudioVersion = 10.0.40219.1
Project("{FAE04EC0-301F-11D3-BF4B-00C04F79EFBC}") = "Domain", "Domain\Domain.csproj", "{BFCD9CE2-1125-4F4C-A2F7-138709F7C5BD}"
EndProject
Project("{FAE04EC0-301F-11D3-BF4B-00C04F79EFBC}") = "Application", "Application\Application.csproj", "{421BA110-1759-49A9-BAE2-0F7C68853149}"
EndProject
Project("{FAE04EC0-301F-11D3-BF4B-00C04F79EFBC}") = "Implementation", "Implementation\Implementation.csproj", "{464B8363-125A-4312-93AA-612616E9DA09}"
EndProject
Project("{FAE04EC0-301F-11D3-BF4B-00C04F79EFBC}") = "EFDataAccess", "DataAccess\EFDataAccess.csproj", "{09B77A0C-64A8-4CFE-8F84-4C4611998D43}"
EndProject
Project("{FAE04EC0-301F-11D3-BF4B-00C04F79EFBC}") = "API", "API\API.csproj", "{5D3F505C-8E69-43FC-875D-832D67E297E6}"
EndProject
Global
	GlobalSection(SolutionConfigurationPlatforms) = preSolution
		Debug|Any CPU = Debug|Any CPU
		Release|Any CPU = Release|Any CPU
	EndGlobalSection
	GlobalSection(ProjectConfigurationPlatforms) = postSolution
		{BFCD9CE2-1125-4F4C-A2F7-138709F7C5BD}.Debug|Any CPU.ActiveCfg = Debug|Any CPU
		{BFCD9CE2-1125-4F4C-A2F7-138709F7C5BD}.Debug|Any CPU.Build.0 = Debug|Any CPU
		{BFCD9CE2-1125-4F4C-A2F7-138709F7C5BD}.Release|Any CPU.ActiveCfg = Release|Any CPU
		{BFCD9CE2-1125-4F4C-A2F7-138709F7C5BD}.Release|Any CPU.Build.0 = Release|Any CPU
		{421BA110-1759-49A9-BAE2-0F7C68853149}.Debug|Any CPU.ActiveCfg = Debug|Any CPU
		{421BA110-1759-49A9-BAE2-0F7C68853149}.Debug|Any CPU.Build.0 = Debug|Any CPU
		{421BA110-1759-49A9-BAE2-0F7C68853149}.Release|Any CPU.ActiveCfg = Release|Any CPU
		{421BA110-1759-49A9-BAE2-0F7C68853149}.Release|Any CPU.Build.0 = Release|Any CPU
		{464B8363-125A-4312-93AA-612616E9DA09}.Debug|Any CPU.ActiveCfg = Debug|Any CPU
		{464B8363-125A-4312-93AA-612616E9DA09}.Debug|Any CPU.Build.0 = Debug|Any CPU
		{464B8363-125A-4312-93AA-612616E9DA09}.Release|Any CPU.ActiveCfg = Release|Any CPU
		{464B8363-125A-4312-93AA-612616E9DA09}.Release|Any CPU.Build.0 = Release|Any CPU
		{09B77A0C-64A8-4CFE-8F84-4C4611998D43}.Debug|Any CPU.ActiveCfg = Debug|Any CPU
		{09B77A0C-64A8-4CFE-8F84-4C4611998D43}.Debug|Any CPU.Build.0 = Debug|Any CPU
		{09B77A0C-64A8-4CFE-8F84-4C4611998D43}.Release|Any CPU.ActiveCfg = Release|Any CPU
		{09B77A0C-64A8-4CFE-8F84-4C4611998D43}.Release|Any CPU.Build.0 = Release|Any CPU
		{5D3F505C-8E69-43FC-875D-832D67E297E6}.Debug|Any CPU.ActiveCfg = Debug|Any CPU
		{5D3F505C-8E69-43FC-875D-832D67E297E6}.Debug|Any CPU.Build.0 = Debug|Any CPU
		{5D3F505C-8E69-43FC-875D-832D67E297E6}.Release|Any CPU.ActiveCfg = Release|Any CPU
		{5D3F505C-8E69-43FC-875D-832D67E297E6}.Release|Any CPU.Build.0 = Release|Any CPU
	EndGlobalSection
	GlobalSection(SolutionProperties) = preSolution
		HideSolutionNode = FALSE
	EndGlobalSection
	GlobalSection(ExtensibilityGlobals) = postSolution
		SolutionGuid = {2DA7D476-FE59-44E3-AE5C-993C3EE9EBA5}
	EndGlobalSection
EndGlobal
